
Microsoft Visual Studio Solution File, Format Version 12.00
# Visual Studio 15
VisualStudioVersion = 15.0.28307.329
MinimumVisualStudioVersion = 10.0.40219.1
Project("{FAE04EC0-301F-11D3-BF4B-00C04F79EFBC}") = "Task1", "Task1\Task1.csproj", "{A6053938-C7EF-4BE4-ADDA-EA3075215274}"
EndProject
Global
	GlobalSection(SolutionConfigurationPlatforms) = preSolution
		Debug|Any CPU = Debug|Any CPU
		Release|Any CPU = Release|Any CPU
	EndGlobalSection
	GlobalSection(ProjectConfigurationPlatforms) = postSolution
		{A6053938-C7EF-4BE4-ADDA-EA3075215274}.Debug|Any CPU.ActiveCfg = Debug|Any CPU
		{A6053938-C7EF-4BE4-ADDA-EA3075215274}.Debug|Any CPU.Build.0 = Debug|Any CPU
		{A6053938-C7EF-4BE4-ADDA-EA3075215274}.Release|Any CPU.ActiveCfg = Release|Any CPU
		{A6053938-C7EF-4BE4-ADDA-EA3075215274}.Release|Any CPU.Build.0 = Release|Any CPU
	EndGlobalSection
	GlobalSection(SolutionProperties) = preSolution
		HideSolutionNode = FALSE
	EndGlobalSection
	GlobalSection(ExtensibilityGlobals) = postSolution
		SolutionGuid = {99CB4BDB-1D73-4640-A8FF-1FEB95E6652E}
	EndGlobalSection
EndGlobal
