
Microsoft Visual Studio Solution File, Format Version 12.00
# Visual Studio 15
VisualStudioVersion = 15.0.28307.329
MinimumVisualStudioVersion = 10.0.40219.1
Project("{FAE04EC0-301F-11D3-BF4B-00C04F79EFBC}") = "Farmanager", "Farmanager\Farmanager.csproj", "{8A0CC28E-D0A0-476F-A811-D23EAAA74104}"
EndProject
Global
	GlobalSection(SolutionConfigurationPlatforms) = preSolution
		Debug|Any CPU = Debug|Any CPU
		Release|Any CPU = Release|Any CPU
	EndGlobalSection
	GlobalSection(ProjectConfigurationPlatforms) = postSolution
		{8A0CC28E-D0A0-476F-A811-D23EAAA74104}.Debug|Any CPU.ActiveCfg = Debug|Any CPU
		{8A0CC28E-D0A0-476F-A811-D23EAAA74104}.Debug|Any CPU.Build.0 = Debug|Any CPU
		{8A0CC28E-D0A0-476F-A811-D23EAAA74104}.Release|Any CPU.ActiveCfg = Release|Any CPU
		{8A0CC28E-D0A0-476F-A811-D23EAAA74104}.Release|Any CPU.Build.0 = Release|Any CPU
	EndGlobalSection
	GlobalSection(SolutionProperties) = preSolution
		HideSolutionNode = FALSE
	EndGlobalSection
	GlobalSection(ExtensibilityGlobals) = postSolution
		SolutionGuid = {E031549C-6505-4A73-AD70-FED04C1A4C1D}
	EndGlobalSection
EndGlobal
