
Microsoft Visual Studio Solution File, Format Version 12.00
# Visual Studio 15
VisualStudioVersion = 15.0.28307.329
MinimumVisualStudioVersion = 10.0.40219.1
Project("{FAE04EC0-301F-11D3-BF4B-00C04F79EFBC}") = "Task4", "Task4\Task4.csproj", "{D859A939-1EB0-423E-B51B-AABE1573FF4E}"
EndProject
Global
	GlobalSection(SolutionConfigurationPlatforms) = preSolution
		Debug|Any CPU = Debug|Any CPU
		Release|Any CPU = Release|Any CPU
	EndGlobalSection
	GlobalSection(ProjectConfigurationPlatforms) = postSolution
		{D859A939-1EB0-423E-B51B-AABE1573FF4E}.Debug|Any CPU.ActiveCfg = Debug|Any CPU
		{D859A939-1EB0-423E-B51B-AABE1573FF4E}.Debug|Any CPU.Build.0 = Debug|Any CPU
		{D859A939-1EB0-423E-B51B-AABE1573FF4E}.Release|Any CPU.ActiveCfg = Release|Any CPU
		{D859A939-1EB0-423E-B51B-AABE1573FF4E}.Release|Any CPU.Build.0 = Release|Any CPU
	EndGlobalSection
	GlobalSection(SolutionProperties) = preSolution
		HideSolutionNode = FALSE
	EndGlobalSection
	GlobalSection(ExtensibilityGlobals) = postSolution
		SolutionGuid = {40E7E341-CBAC-4785-9FCF-7AA98D62E883}
	EndGlobalSection
EndGlobal
